Microsoft Visual Studio Solution File, Format Version 11.00
# Visual Studio 2008

Project("{D7D9595E-724E-3BF4-54AD-F6BA2E7C7E75}") = "Unity4Node", "Assembly-CSharp-vs.csproj", "{DD56A877-D638-D3A6-4EAB-83DB8D2570D6}"
EndProject
Project("{D7D9595E-724E-3BF4-54AD-F6BA2E7C7E75}") = "Unity4Node", "Assembly-CSharp-Editor-vs.csproj", "{619173F2-8283-7670-F78C-7A880C48EF7F}"
EndProject
Global
	GlobalSection(SolutionConfigurationPlatforms) = preSolution
		Debug|Any CPU = Debug|Any CPU
		Release|Any CPU = Release|Any CPU
	EndGlobalSection
	GlobalSection(ProjectConfigurationPlatforms) = postSolution
		{DD56A877-D638-D3A6-4EAB-83DB8D2570D6}.Debug|Any CPU.ActiveCfg = Debug|Any CPU
		{DD56A877-D638-D3A6-4EAB-83DB8D2570D6}.Debug|Any CPU.Build.0 = Debug|Any CPU
		{DD56A877-D638-D3A6-4EAB-83DB8D2570D6}.Release|Any CPU.ActiveCfg = Release|Any CPU
		{DD56A877-D638-D3A6-4EAB-83DB8D2570D6}.Release|Any CPU.Build.0 = Release|Any CPU
		{619173F2-8283-7670-F78C-7A880C48EF7F}.Debug|Any CPU.ActiveCfg = Debug|Any CPU
		{619173F2-8283-7670-F78C-7A880C48EF7F}.Debug|Any CPU.Build.0 = Debug|Any CPU
		{619173F2-8283-7670-F78C-7A880C48EF7F}.Release|Any CPU.ActiveCfg = Release|Any CPU
		{619173F2-8283-7670-F78C-7A880C48EF7F}.Release|Any CPU.Build.0 = Release|Any CPU
	EndGlobalSection
	GlobalSection(SolutionProperties) = preSolution
		HideSolutionNode = FALSE
	EndGlobalSection
			GlobalSection(MonoDevelopProperties) = preSolution
		StartupItem = Assembly-CSharp.csproj
		Policies = $0
		$0.TextStylePolicy = $1
		$1.inheritsSet = null
		$1.scope = text/x-csharp
		$0.CSharpFormattingPolicy = $2
		$2.inheritsSet = Mono
		$2.inheritsScope = text/x-csharp
		$2.scope = text/x-csharp
		$0.TextStylePolicy = $3
		$3.FileWidth = 120
		$3.TabWidth = 4
		$3.EolMarker = Unix
		$3.inheritsSet = Mono
		$3.inheritsScope = text/plain
		$3.scope = text/plain
	EndGlobalSection

EndGlobal
